
Microsoft Visual Studio Solution File, Format Version 12.00
# Visual Studio 15
VisualStudioVersion = 15.0.27703.2035
MinimumVisualStudioVersion = 10.0.40219.1
Project("{FAE04EC0-301F-11D3-BF4B-00C04F79EFBC}") = "game", "game\game.csproj", "{044EC1E6-119F-4E7A-8887-873D56361FEA}"
EndProject
Global
	GlobalSection(SolutionConfigurationPlatforms) = preSolution
		Debug|Any CPU = Debug|Any CPU
		Release|Any CPU = Release|Any CPU
	EndGlobalSection
	GlobalSection(ProjectConfigurationPlatforms) = postSolution
		{044EC1E6-119F-4E7A-8887-873D56361FEA}.Debug|Any CPU.ActiveCfg = Debug|Any CPU
		{044EC1E6-119F-4E7A-8887-873D56361FEA}.Debug|Any CPU.Build.0 = Debug|Any CPU
		{044EC1E6-119F-4E7A-8887-873D56361FEA}.Release|Any CPU.ActiveCfg = Release|Any CPU
		{044EC1E6-119F-4E7A-8887-873D56361FEA}.Release|Any CPU.Build.0 = Release|Any CPU
	EndGlobalSection
	GlobalSection(SolutionProperties) = preSolution
		HideSolutionNode = FALSE
	EndGlobalSection
	GlobalSection(ExtensibilityGlobals) = postSolution
		SolutionGuid = {37F7AC4B-BABF-4FB8-9F04-76EBEF8B49EF}
	EndGlobalSection
EndGlobal
